
Microsoft Visual Studio Solution File, Format Version 12.00
# Visual Studio Version 17
VisualStudioVersion = 17.7.34221.43
MinimumVisualStudioVersion = 10.0.40219.1
Project("{FAE04EC0-301F-11D3-BF4B-00C04F79EFBC}") = "SuperWeater", "SuperWeater.csproj", "{5D0D7CA3-9B41-4BC1-A302-956B55830DFD}"
EndProject
Global
	GlobalSection(SolutionConfigurationPlatforms) = preSolution
		Debug|Any CPU = Debug|Any CPU
		Release|Any CPU = Release|Any CPU
	EndGlobalSection
	GlobalSection(ProjectConfigurationPlatforms) = postSolution
		{5D0D7CA3-9B41-4BC1-A302-956B55830DFD}.Debug|Any CPU.ActiveCfg = Debug|Any CPU
		{5D0D7CA3-9B41-4BC1-A302-956B55830DFD}.Debug|Any CPU.Build.0 = Debug|Any CPU
		{5D0D7CA3-9B41-4BC1-A302-956B55830DFD}.Release|Any CPU.ActiveCfg = Release|Any CPU
		{5D0D7CA3-9B41-4BC1-A302-956B55830DFD}.Release|Any CPU.Build.0 = Release|Any CPU
	EndGlobalSection
	GlobalSection(SolutionProperties) = preSolution
		HideSolutionNode = FALSE
	EndGlobalSection
	GlobalSection(ExtensibilityGlobals) = postSolution
		SolutionGuid = {B0AB93C1-0191-47EF-8AF4-D5C343E82A8A}
	EndGlobalSection
EndGlobal
